
Microsoft Visual Studio Solution File, Format Version 12.00
# Visual Studio Version 17
VisualStudioVersion = 17.1.32319.34
MinimumVisualStudioVersion = 10.0.40219.1
Project("{FAE04EC0-301F-11D3-BF4B-00C04F79EFBC}") = "ValidateParanthesis", "ValidateParanthesis.csproj", "{312079B5-A26E-45CD-8623-69A82501E0B9}"
EndProject
Global
	GlobalSection(SolutionConfigurationPlatforms) = preSolution
		Debug|Any CPU = Debug|Any CPU
		Release|Any CPU = Release|Any CPU
	EndGlobalSection
	GlobalSection(ProjectConfigurationPlatforms) = postSolution
		{312079B5-A26E-45CD-8623-69A82501E0B9}.Debug|Any CPU.ActiveCfg = Debug|Any CPU
		{312079B5-A26E-45CD-8623-69A82501E0B9}.Debug|Any CPU.Build.0 = Debug|Any CPU
		{312079B5-A26E-45CD-8623-69A82501E0B9}.Release|Any CPU.ActiveCfg = Release|Any CPU
		{312079B5-A26E-45CD-8623-69A82501E0B9}.Release|Any CPU.Build.0 = Release|Any CPU
	EndGlobalSection
	GlobalSection(SolutionProperties) = preSolution
		HideSolutionNode = FALSE
	EndGlobalSection
	GlobalSection(ExtensibilityGlobals) = postSolution
		SolutionGuid = {D0F8AF80-57D7-4089-A89B-04AC41A3D7DF}
	EndGlobalSection
EndGlobal
