
Microsoft Visual Studio Solution File, Format Version 12.00
# Visual Studio Version 17
VisualStudioVersion = 17.1.32319.34
MinimumVisualStudioVersion = 10.0.40219.1
Project("{FAE04EC0-301F-11D3-BF4B-00C04F79EFBC}") = "GoodPair", "GoodPair.csproj", "{13BED475-BF86-4014-A79A-A46F5349D504}"
EndProject
Global
	GlobalSection(SolutionConfigurationPlatforms) = preSolution
		Debug|Any CPU = Debug|Any CPU
		Release|Any CPU = Release|Any CPU
	EndGlobalSection
	GlobalSection(ProjectConfigurationPlatforms) = postSolution
		{13BED475-BF86-4014-A79A-A46F5349D504}.Debug|Any CPU.ActiveCfg = Debug|Any CPU
		{13BED475-BF86-4014-A79A-A46F5349D504}.Debug|Any CPU.Build.0 = Debug|Any CPU
		{13BED475-BF86-4014-A79A-A46F5349D504}.Release|Any CPU.ActiveCfg = Release|Any CPU
		{13BED475-BF86-4014-A79A-A46F5349D504}.Release|Any CPU.Build.0 = Release|Any CPU
	EndGlobalSection
	GlobalSection(SolutionProperties) = preSolution
		HideSolutionNode = FALSE
	EndGlobalSection
	GlobalSection(ExtensibilityGlobals) = postSolution
		SolutionGuid = {08A0DCD6-30A1-4774-85DC-88A76BDF9A03}
	EndGlobalSection
EndGlobal
