
Microsoft Visual Studio Solution File, Format Version 12.00
# Visual Studio Version 17
VisualStudioVersion = 17.1.32319.34
MinimumVisualStudioVersion = 10.0.40219.1
Project("{FAE04EC0-301F-11D3-BF4B-00C04F79EFBC}") = "MergeSortedArray", "MergeSortedArray.csproj", "{2464AE3A-E167-48F2-9CDE-F2189F1C19AE}"
EndProject
Global
	GlobalSection(SolutionConfigurationPlatforms) = preSolution
		Debug|Any CPU = Debug|Any CPU
		Release|Any CPU = Release|Any CPU
	EndGlobalSection
	GlobalSection(ProjectConfigurationPlatforms) = postSolution
		{2464AE3A-E167-48F2-9CDE-F2189F1C19AE}.Debug|Any CPU.ActiveCfg = Debug|Any CPU
		{2464AE3A-E167-48F2-9CDE-F2189F1C19AE}.Debug|Any CPU.Build.0 = Debug|Any CPU
		{2464AE3A-E167-48F2-9CDE-F2189F1C19AE}.Release|Any CPU.ActiveCfg = Release|Any CPU
		{2464AE3A-E167-48F2-9CDE-F2189F1C19AE}.Release|Any CPU.Build.0 = Release|Any CPU
	EndGlobalSection
	GlobalSection(SolutionProperties) = preSolution
		HideSolutionNode = FALSE
	EndGlobalSection
	GlobalSection(ExtensibilityGlobals) = postSolution
		SolutionGuid = {1641DFB9-CA5D-4F51-9BBD-F4B2F8C0B45C}
	EndGlobalSection
EndGlobal
