
Microsoft Visual Studio Solution File, Format Version 12.00
# Visual Studio Version 17
VisualStudioVersion = 17.1.32319.34
MinimumVisualStudioVersion = 10.0.40219.1
Project("{FAE04EC0-301F-11D3-BF4B-00C04F79EFBC}") = "RemoveElement", "RemoveElement.csproj", "{7B15E7DA-12EF-4506-B414-7A942C8B92B4}"
EndProject
Global
	GlobalSection(SolutionConfigurationPlatforms) = preSolution
		Debug|Any CPU = Debug|Any CPU
		Release|Any CPU = Release|Any CPU
	EndGlobalSection
	GlobalSection(ProjectConfigurationPlatforms) = postSolution
		{7B15E7DA-12EF-4506-B414-7A942C8B92B4}.Debug|Any CPU.ActiveCfg = Debug|Any CPU
		{7B15E7DA-12EF-4506-B414-7A942C8B92B4}.Debug|Any CPU.Build.0 = Debug|Any CPU
		{7B15E7DA-12EF-4506-B414-7A942C8B92B4}.Release|Any CPU.ActiveCfg = Release|Any CPU
		{7B15E7DA-12EF-4506-B414-7A942C8B92B4}.Release|Any CPU.Build.0 = Release|Any CPU
	EndGlobalSection
	GlobalSection(SolutionProperties) = preSolution
		HideSolutionNode = FALSE
	EndGlobalSection
	GlobalSection(ExtensibilityGlobals) = postSolution
		SolutionGuid = {91586E41-D68C-4987-BB49-DACA9264B1EA}
	EndGlobalSection
EndGlobal
