
Microsoft Visual Studio Solution File, Format Version 12.00
# Visual Studio Version 17
VisualStudioVersion = 17.1.32319.34
MinimumVisualStudioVersion = 10.0.40219.1
Project("{FAE04EC0-301F-11D3-BF4B-00C04F79EFBC}") = "LongestCommonPrefix", "LongestCommonPrefix.csproj", "{9490D155-0B53-48D4-88D4-70D47C36BA27}"
EndProject
Global
	GlobalSection(SolutionConfigurationPlatforms) = preSolution
		Debug|Any CPU = Debug|Any CPU
		Release|Any CPU = Release|Any CPU
	EndGlobalSection
	GlobalSection(ProjectConfigurationPlatforms) = postSolution
		{9490D155-0B53-48D4-88D4-70D47C36BA27}.Debug|Any CPU.ActiveCfg = Debug|Any CPU
		{9490D155-0B53-48D4-88D4-70D47C36BA27}.Debug|Any CPU.Build.0 = Debug|Any CPU
		{9490D155-0B53-48D4-88D4-70D47C36BA27}.Release|Any CPU.ActiveCfg = Release|Any CPU
		{9490D155-0B53-48D4-88D4-70D47C36BA27}.Release|Any CPU.Build.0 = Release|Any CPU
	EndGlobalSection
	GlobalSection(SolutionProperties) = preSolution
		HideSolutionNode = FALSE
	EndGlobalSection
	GlobalSection(ExtensibilityGlobals) = postSolution
		SolutionGuid = {424EFB5E-1FEE-4BE2-AE55-0FDAD23ACE9A}
	EndGlobalSection
EndGlobal
