
Microsoft Visual Studio Solution File, Format Version 12.00
# Visual Studio Version 17
VisualStudioVersion = 17.1.32319.34
MinimumVisualStudioVersion = 10.0.40219.1
Project("{FAE04EC0-301F-11D3-BF4B-00C04F79EFBC}") = "LengthOfLastWord", "LengthOfLastWord.csproj", "{A5DBE506-C54E-49CA-8033-CAB7FF90B5C3}"
EndProject
Global
	GlobalSection(SolutionConfigurationPlatforms) = preSolution
		Debug|Any CPU = Debug|Any CPU
		Release|Any CPU = Release|Any CPU
	EndGlobalSection
	GlobalSection(ProjectConfigurationPlatforms) = postSolution
		{A5DBE506-C54E-49CA-8033-CAB7FF90B5C3}.Debug|Any CPU.ActiveCfg = Debug|Any CPU
		{A5DBE506-C54E-49CA-8033-CAB7FF90B5C3}.Debug|Any CPU.Build.0 = Debug|Any CPU
		{A5DBE506-C54E-49CA-8033-CAB7FF90B5C3}.Release|Any CPU.ActiveCfg = Release|Any CPU
		{A5DBE506-C54E-49CA-8033-CAB7FF90B5C3}.Release|Any CPU.Build.0 = Release|Any CPU
	EndGlobalSection
	GlobalSection(SolutionProperties) = preSolution
		HideSolutionNode = FALSE
	EndGlobalSection
	GlobalSection(ExtensibilityGlobals) = postSolution
		SolutionGuid = {7AF1B553-3A66-47DA-A439-4F43C10C7E85}
	EndGlobalSection
EndGlobal
